
Microsoft Visual Studio Solution File, Format Version 12.00
# Visual Studio 15
VisualStudioVersion = 15.0.27428.2015
MinimumVisualStudioVersion = 10.0.40219.1
Project("{8BC9CEB8-8B4A-11D0-8D11-00A0C91BC942}") = "LootManager", "LootManager.vcxproj", "{3C1ADF2A-BF22-3A0B-9F88-8C66B1F590A3}"
EndProject
Global
	GlobalSection(SolutionConfigurationPlatforms) = preSolution
		Debug|x86 = Debug|x86
		Release|x86 = Release|x86
	EndGlobalSection
	GlobalSection(ProjectConfigurationPlatforms) = postSolution
		{3C1ADF2A-BF22-3A0B-9F88-8C66B1F590A3}.Debug|x86.ActiveCfg = Debug|Win32
		{3C1ADF2A-BF22-3A0B-9F88-8C66B1F590A3}.Debug|x86.Build.0 = Debug|Win32
		{3C1ADF2A-BF22-3A0B-9F88-8C66B1F590A3}.Release|x86.ActiveCfg = Release|Win32
		{3C1ADF2A-BF22-3A0B-9F88-8C66B1F590A3}.Release|x86.Build.0 = Release|Win32
	EndGlobalSection
	GlobalSection(SolutionProperties) = preSolution
		HideSolutionNode = FALSE
	EndGlobalSection
	GlobalSection(ExtensibilityGlobals) = postSolution
		SolutionGuid = {D6ED7037-81F1-42F1-B330-C1BC2BAE4AB2}
	EndGlobalSection
EndGlobal
